// !$*UTF8*$!
{
	archiveVersion = 1;
	classes = {
	};
	objectVersion = 48;
	objects = {

/* Begin PBXBuildFile section */
		4AAF70BC45B67996F442E764 /* Pods_gitparser.framework in Frameworks */ = {isa = PBXBuildFile; fileRef = C7451F1ED4F91C4C9E2440DC /* Pods_gitparser.framework */; };
		6EC2A6E71FEFC91B0082E380 /* AppDelegate.swift in Sources */ = {isa = PBXBuildFile; fileRef = 6EC2A6E61FEFC91B0082E380 /* AppDelegate.swift */; };
		6EC2A6EE1FEFC91B0082E380 /* Assets.xcassets in Resources */ = {isa = PBXBuildFile; fileRef = 6EC2A6ED1FEFC91B0082E380 /* Assets.xcassets */; };
		6EC2A6F11FEFC91B0082E380 /* LaunchScreen.storyboard in Resources */ = {isa = PBXBuildFile; fileRef = 6EC2A6EF1FEFC91B0082E380 /* LaunchScreen.storyboard */; };
		6EC2A6FE1FEFCA7A0082E380 /* UserListController.swift in Sources */ = {isa = PBXBuildFile; fileRef = 6EC2A6FD1FEFCA7A0082E380 /* UserListController.swift */; };
		6EC2A7001FEFCA9C0082E380 /* UserListViewModel.swift in Sources */ = {isa = PBXBuildFile; fileRef = 6EC2A6FF1FEFCA9C0082E380 /* UserListViewModel.swift */; };
		6EC2A7021FEFCAB60082E380 /* UserListController.xib in Resources */ = {isa = PBXBuildFile; fileRef = 6EC2A7011FEFCAB60082E380 /* UserListController.xib */; };
		6EC2A7061FEFCC4A0082E380 /* MDUser.swift in Sources */ = {isa = PBXBuildFile; fileRef = 6EC2A7051FEFCC4A0082E380 /* MDUser.swift */; };
		6EC2A70A1FEFCCD90082E380 /* UserListCell.swift in Sources */ = {isa = PBXBuildFile; fileRef = 6EC2A7091FEFCCD90082E380 /* UserListCell.swift */; };
		6EC2A70C1FEFCCF40082E380 /* UserListCell.xib in Resources */ = {isa = PBXBuildFile; fileRef = 6EC2A70B1FEFCCF40082E380 /* UserListCell.xib */; };
		6EC2A70F1FEFD0B20082E380 /* UserService.swift in Sources */ = {isa = PBXBuildFile; fileRef = 6EC2A70E1FEFD0B20082E380 /* UserService.swift */; };
		6EC2A7121FEFD0F20082E380 /* Config+Server.swift in Sources */ = {isa = PBXBuildFile; fileRef = 6EC2A7111FEFD0F20082E380 /* Config+Server.swift */; };
		6EC2A7141FEFD11B0082E380 /* NetworkProvider.swift in Sources */ = {isa = PBXBuildFile; fileRef = 6EC2A7131FEFD11B0082E380 /* NetworkProvider.swift */; };
		6EC2A7181FEFD2310082E380 /* UserDetailViewModel.swift in Sources */ = {isa = PBXBuildFile; fileRef = 6EC2A7171FEFD2310082E380 /* UserDetailViewModel.swift */; };
		6EC2A71A1FEFD23F0082E380 /* UserDetailController.swift in Sources */ = {isa = PBXBuildFile; fileRef = 6EC2A7191FEFD23F0082E380 /* UserDetailController.swift */; };
		6EC2A71E1FEFD3700082E380 /* UserDetailController.xib in Resources */ = {isa = PBXBuildFile; fileRef = 6EC2A71D1FEFD3700082E380 /* UserDetailController.xib */; };
		6EC2A7211FEFD4B10082E380 /* Reactive+UINavigationController.swift in Sources */ = {isa = PBXBuildFile; fileRef = 6EC2A7201FEFD4B10082E380 /* Reactive+UINavigationController.swift */; };
/* End PBXBuildFile section */

/* Begin PBXFileReference section */
		301835818E437DD6BFCA70F8 /* Pods-gitparser.release.xcconfig */ = {isa = PBXFileReference; includeInIndex = 1; lastKnownFileType = text.xcconfig; name = "Pods-gitparser.release.xcconfig"; path = "Pods/Target Support Files/Pods-gitparser/Pods-gitparser.release.xcconfig"; sourceTree = "<group>"; };
		6EC2A6E31FEFC91B0082E380 /* gitparser.app */ = {isa = PBXFileReference; explicitFileType = wrapper.application; includeInIndex = 0; path = gitparser.app; sourceTree = BUILT_PRODUCTS_DIR; };
		6EC2A6E61FEFC91B0082E380 /* AppDelegate.swift */ = {isa = PBXFileReference; lastKnownFileType = sourcecode.swift; path = AppDelegate.swift; sourceTree = "<group>"; };
		6EC2A6ED1FEFC91B0082E380 /* Assets.xcassets */ = {isa = PBXFileReference; lastKnownFileType = folder.assetcatalog; path = Assets.xcassets; sourceTree = "<group>"; };
		6EC2A6F01FEFC91B0082E380 /* Base */ = {isa = PBXFileReference; lastKnownFileType = file.storyboard; name = Base; path = Base.lproj/LaunchScreen.storyboard; sourceTree = "<group>"; };
		6EC2A6F21FEFC91B0082E380 /* Info.plist */ = {isa = PBXFileReference; lastKnownFileType = text.plist.xml; path = Info.plist; sourceTree = "<group>"; };
		6EC2A6FD1FEFCA7A0082E380 /* UserListController.swift */ = {isa = PBXFileReference; lastKnownFileType = sourcecode.swift; path = UserListController.swift; sourceTree = "<group>"; };
		6EC2A6FF1FEFCA9C0082E380 /* UserListViewModel.swift */ = {isa = PBXFileReference; lastKnownFileType = sourcecode.swift; path = UserListViewModel.swift; sourceTree = "<group>"; };
		6EC2A7011FEFCAB60082E380 /* UserListController.xib */ = {isa = PBXFileReference; lastKnownFileType = file.xib; path = UserListController.xib; sourceTree = "<group>"; };
		6EC2A7051FEFCC4A0082E380 /* MDUser.swift */ = {isa = PBXFileReference; lastKnownFileType = sourcecode.swift; path = MDUser.swift; sourceTree = "<group>"; };
		6EC2A7091FEFCCD90082E380 /* UserListCell.swift */ = {isa = PBXFileReference; lastKnownFileType = sourcecode.swift; path = UserListCell.swift; sourceTree = "<group>"; };
		6EC2A70B1FEFCCF40082E380 /* UserListCell.xib */ = {isa = PBXFileReference; lastKnownFileType = file.xib; path = UserListCell.xib; sourceTree = "<group>"; };
		6EC2A70E1FEFD0B20082E380 /* UserService.swift */ = {isa = PBXFileReference; lastKnownFileType = sourcecode.swift; path = UserService.swift; sourceTree = "<group>"; };
		6EC2A7111FEFD0F20082E380 /* Config+Server.swift */ = {isa = PBXFileReference; lastKnownFileType = sourcecode.swift; path = "Config+Server.swift"; sourceTree = "<group>"; };
		6EC2A7131FEFD11B0082E380 /* NetworkProvider.swift */ = {isa = PBXFileReference; lastKnownFileType = sourcecode.swift; path = NetworkProvider.swift; sourceTree = "<group>"; };
		6EC2A7171FEFD2310082E380 /* UserDetailViewModel.swift */ = {isa = PBXFileReference; lastKnownFileType = sourcecode.swift; path = UserDetailViewModel.swift; sourceTree = "<group>"; };
		6EC2A7191FEFD23F0082E380 /* UserDetailController.swift */ = {isa = PBXFileReference; lastKnownFileType = sourcecode.swift; path = UserDetailController.swift; sourceTree = "<group>"; };
		6EC2A71D1FEFD3700082E380 /* UserDetailController.xib */ = {isa = PBXFileReference; lastKnownFileType = file.xib; path = UserDetailController.xib; sourceTree = "<group>"; };
		6EC2A7201FEFD4B10082E380 /* Reactive+UINavigationController.swift */ = {isa = PBXFileReference; lastKnownFileType = sourcecode.swift; path = "Reactive+UINavigationController.swift"; sourceTree = "<group>"; };
		C1048E56E60F8C5C14A8E7BD /* Pods-gitparser.debug.xcconfig */ = {isa = PBXFileReference; includeInIndex = 1; lastKnownFileType = text.xcconfig; name = "Pods-gitparser.debug.xcconfig"; path = "Pods/Target Support Files/Pods-gitparser/Pods-gitparser.debug.xcconfig"; sourceTree = "<group>"; };
		C7451F1ED4F91C4C9E2440DC /* Pods_gitparser.framework */ = {isa = PBXFileReference; explicitFileType = wrapper.framework; includeInIndex = 0; path = Pods_gitparser.framework; sourceTree = BUILT_PRODUCTS_DIR; };
/* End PBXFileReference section */

/* Begin PBXFrameworksBuildPhase section */
		6EC2A6E01FEFC91B0082E380 /* Frameworks */ = {
			isa = PBXFrameworksBuildPhase;
			buildActionMask = 2147483647;
			files = (
				4AAF70BC45B67996F442E764 /* Pods_gitparser.framework in Frameworks */,
			);
			runOnlyForDeploymentPostprocessing = 0;
		};
/* End PBXFrameworksBuildPhase section */

/* Begin PBXGroup section */
		10682BEF8F49C38A9AFE4050 /* Pods */ = {
			isa = PBXGroup;
			children = (
				C1048E56E60F8C5C14A8E7BD /* Pods-gitparser.debug.xcconfig */,
				301835818E437DD6BFCA70F8 /* Pods-gitparser.release.xcconfig */,
			);
			name = Pods;
			sourceTree = "<group>";
		};
		6EC2A6DA1FEFC91B0082E380 = {
			isa = PBXGroup;
			children = (
				6EC2A6E51FEFC91B0082E380 /* gitparser */,
				6EC2A6E41FEFC91B0082E380 /* Products */,
				10682BEF8F49C38A9AFE4050 /* Pods */,
				A29E154D296C1956F4A41EDE /* Frameworks */,
			);
			sourceTree = "<group>";
		};
		6EC2A6E41FEFC91B0082E380 /* Products */ = {
			isa = PBXGroup;
			children = (
				6EC2A6E31FEFC91B0082E380 /* gitparser.app */,
			);
			name = Products;
			sourceTree = "<group>";
		};
		6EC2A6E51FEFC91B0082E380 /* gitparser */ = {
			isa = PBXGroup;
			children = (
				6EC2A6E61FEFC91B0082E380 /* AppDelegate.swift */,
				6EC2A6F21FEFC91B0082E380 /* Info.plist */,
				6EC2A6F91FEFCA230082E380 /* Classes */,
				6EC2A7101FEFD0C40082E380 /* Config */,
				6EC2A6F81FEFCA1B0082E380 /* Controllers */,
				6EC2A6FA1FEFCA290082E380 /* Images */,
				6EC2A6FB1FEFCA2F0082E380 /* Storyboards */,
				6EC2A71F1FEFD4990082E380 /* Utils */,
			);
			path = gitparser;
			sourceTree = "<group>";
		};
		6EC2A6F81FEFCA1B0082E380 /* Controllers */ = {
			isa = PBXGroup;
			children = (
				6EC2A7151FEFD21B0082E380 /* UserDetail */,
				6EC2A6FC1FEFCA660082E380 /* UserList */,
			);
			path = Controllers;
			sourceTree = "<group>";
		};
		6EC2A6F91FEFCA230082E380 /* Classes */ = {
			isa = PBXGroup;
			children = (
				6EC2A7031FEFCC2D0082E380 /* Networking */,
			);
			path = Classes;
			sourceTree = "<group>";
		};
		6EC2A6FA1FEFCA290082E380 /* Images */ = {
			isa = PBXGroup;
			children = (
				6EC2A6ED1FEFC91B0082E380 /* Assets.xcassets */,
			);
			path = Images;
			sourceTree = "<group>";
		};
		6EC2A6FB1FEFCA2F0082E380 /* Storyboards */ = {
			isa = PBXGroup;
			children = (
				6EC2A6EF1FEFC91B0082E380 /* LaunchScreen.storyboard */,
			);
			path = Storyboards;
			sourceTree = "<group>";
		};
		6EC2A6FC1FEFCA660082E380 /* UserList */ = {
			isa = PBXGroup;
			children = (
				6EC2A7081FEFCCCD0082E380 /* Cell */,
				6EC2A7071FEFCCAD0082E380 /* ViewModel */,
				6EC2A6FD1FEFCA7A0082E380 /* UserListController.swift */,
				6EC2A7011FEFCAB60082E380 /* UserListController.xib */,
			);
			path = UserList;
			sourceTree = "<group>";
		};
		6EC2A7031FEFCC2D0082E380 /* Networking */ = {
			isa = PBXGroup;
			children = (
				6EC2A70D1FEFD0A10082E380 /* Services */,
				6EC2A7041FEFCC3D0082E380 /* Models */,
				6EC2A7131FEFD11B0082E380 /* NetworkProvider.swift */,
			);
			path = Networking;
			sourceTree = "<group>";
		};
		6EC2A7041FEFCC3D0082E380 /* Models */ = {
			isa = PBXGroup;
			children = (
				6EC2A7051FEFCC4A0082E380 /* MDUser.swift */,
			);
			path = Models;
			sourceTree = "<group>";
		};
		6EC2A7071FEFCCAD0082E380 /* ViewModel */ = {
			isa = PBXGroup;
			children = (
				6EC2A6FF1FEFCA9C0082E380 /* UserListViewModel.swift */,
			);
			path = ViewModel;
			sourceTree = "<group>";
		};
		6EC2A7081FEFCCCD0082E380 /* Cell */ = {
			isa = PBXGroup;
			children = (
				6EC2A7091FEFCCD90082E380 /* UserListCell.swift */,
				6EC2A70B1FEFCCF40082E380 /* UserListCell.xib */,
			);
			path = Cell;
			sourceTree = "<group>";
		};
		6EC2A70D1FEFD0A10082E380 /* Services */ = {
			isa = PBXGroup;
			children = (
				6EC2A70E1FEFD0B20082E380 /* UserService.swift */,
			);
			path = Services;
			sourceTree = "<group>";
		};
		6EC2A7101FEFD0C40082E380 /* Config */ = {
			isa = PBXGroup;
			children = (
				6EC2A7111FEFD0F20082E380 /* Config+Server.swift */,
			);
			path = Config;
			sourceTree = "<group>";
		};
		6EC2A7151FEFD21B0082E380 /* UserDetail */ = {
			isa = PBXGroup;
			children = (
				6EC2A7161FEFD2220082E380 /* ViewModel */,
				6EC2A7191FEFD23F0082E380 /* UserDetailController.swift */,
				6EC2A71D1FEFD3700082E380 /* UserDetailController.xib */,
			);
			path = UserDetail;
			sourceTree = "<group>";
		};
		6EC2A7161FEFD2220082E380 /* ViewModel */ = {
			isa = PBXGroup;
			children = (
				6EC2A7171FEFD2310082E380 /* UserDetailViewModel.swift */,
			);
			path = ViewModel;
			sourceTree = "<group>";
		};
		6EC2A71F1FEFD4990082E380 /* Utils */ = {
			isa = PBXGroup;
			children = (
				6EC2A7201FEFD4B10082E380 /* Reactive+UINavigationController.swift */,
			);
			path = Utils;
			sourceTree = "<group>";
		};
		A29E154D296C1956F4A41EDE /* Frameworks */ = {
			isa = PBXGroup;
			children = (
				C7451F1ED4F91C4C9E2440DC /* Pods_gitparser.framework */,
			);
			name = Frameworks;
			sourceTree = "<group>";
		};
/* End PBXGroup section */

/* Begin PBXNativeTarget section */
		6EC2A6E21FEFC91B0082E380 /* gitparser */ = {
			isa = PBXNativeTarget;
			buildConfigurationList = 6EC2A6F51FEFC91B0082E380 /* Build configuration list for PBXNativeTarget "gitparser" */;
			buildPhases = (
				E212411D95F3481774C98C8A /* [CP] Check Pods Manifest.lock */,
				6EC2A6DF1FEFC91B0082E380 /* Sources */,
				6EC2A6E01FEFC91B0082E380 /* Frameworks */,
				6EC2A6E11FEFC91B0082E380 /* Resources */,
				128BD1D97D37DECB4C6CFF15 /* [CP] Embed Pods Frameworks */,
			);
			buildRules = (
			);
			dependencies = (
			);
			name = gitparser;
			productName = gitparser;
			productReference = 6EC2A6E31FEFC91B0082E380 /* gitparser.app */;
			productType = "com.apple.product-type.application";
		};
/* End PBXNativeTarget section */

/* Begin PBXProject section */
		6EC2A6DB1FEFC91B0082E380 /* Project object */ = {
			isa = PBXProject;
			attributes = {
				LastSwiftUpdateCheck = 0920;
				LastUpgradeCheck = 0920;
				ORGANIZATIONNAME = "andrey rulev";
				TargetAttributes = {
					6EC2A6E21FEFC91B0082E380 = {
						CreatedOnToolsVersion = 9.2;
						ProvisioningStyle = Manual;
					};
				};
			};
			buildConfigurationList = 6EC2A6DE1FEFC91B0082E380 /* Build configuration list for PBXProject "gitparser" */;
			compatibilityVersion = "Xcode 8.0";
			developmentRegion = en;
			hasScannedForEncodings = 0;
			knownRegions = (
				en,
				Base,
			);
			mainGroup = 6EC2A6DA1FEFC91B0082E380;
			productRefGroup = 6EC2A6E41FEFC91B0082E380 /* Products */;
			projectDirPath = "";
			projectRoot = "";
			targets = (
				6EC2A6E21FEFC91B0082E380 /* gitparser */,
			);
		};
/* End PBXProject section */

/* Begin PBXResourcesBuildPhase section */
		6EC2A6E11FEFC91B0082E380 /* Resources */ = {
			isa = PBXResourcesBuildPhase;
			buildActionMask = 2147483647;
			files = (
				6EC2A70C1FEFCCF40082E380 /* UserListCell.xib in Resources */,
				6EC2A71E1FEFD3700082E380 /* UserDetailController.xib in Resources */,
				6EC2A6F11FEFC91B0082E380 /* LaunchScreen.storyboard in Resources */,
				6EC2A6EE1FEFC91B0082E380 /* Assets.xcassets in Resources */,
				6EC2A7021FEFCAB60082E380 /* UserListController.xib in Resources */,
			);
			runOnlyForDeploymentPostprocessing = 0;
		};
/* End PBXResourcesBuildPhase section */

/* Begin PBXShellScriptBuildPhase section */
		128BD1D97D37DECB4C6CFF15 /* [CP] Embed Pods Frameworks */ = {
			isa = PBXShellScriptBuildPhase;
			buildActionMask = 2147483647;
			files = (
			);
			inputPaths = (
				"${PODS_ROOT}/Target Support Files/Pods-gitparser/Pods-gitparser-frameworks.sh",
				"${BUILT_PRODUCTS_DIR}/Alamofire/Alamofire.framework",
				"${BUILT_PRODUCTS_DIR}/AlamofireImage/AlamofireImage.framework",
				"${BUILT_PRODUCTS_DIR}/MBProgressHUD/MBProgressHUD.framework",
				"${BUILT_PRODUCTS_DIR}/Moya/Moya.framework",
				"${BUILT_PRODUCTS_DIR}/ReactiveCocoa/ReactiveCocoa.framework",
				"${BUILT_PRODUCTS_DIR}/ReactiveSwift/ReactiveSwift.framework",
				"${BUILT_PRODUCTS_DIR}/Result/Result.framework",
			);
			name = "[CP] Embed Pods Frameworks";
			outputPaths = (
				"${TARGET_BUILD_DIR}/${FRAMEWORKS_FOLDER_PATH}/Alamofire.framework",
				"${TARGET_BUILD_DIR}/${FRAMEWORKS_FOLDER_PATH}/AlamofireImage.framework",
				"${TARGET_BUILD_DIR}/${FRAMEWORKS_FOLDER_PATH}/MBProgressHUD.framework",
				"${TARGET_BUILD_DIR}/${FRAMEWORKS_FOLDER_PATH}/Moya.framework",
				"${TARGET_BUILD_DIR}/${FRAMEWORKS_FOLDER_PATH}/ReactiveCocoa.framework",
				"${TARGET_BUILD_DIR}/${FRAMEWORKS_FOLDER_PATH}/ReactiveSwift.framework",
				"${TARGET_BUILD_DIR}/${FRAMEWORKS_FOLDER_PATH}/Result.framework",
			);
			runOnlyForDeploymentPostprocessing = 0;
			shellPath = /bin/sh;
			shellScript = "\"${PODS_ROOT}/Target Support Files/Pods-gitparser/Pods-gitparser-frameworks.sh\"\n";
			showEnvVarsInLog = 0;
		};
		E212411D95F3481774C98C8A /* [CP] Check Pods Manifest.lock */ = {
			isa = PBXShellScriptBuildPhase;
			buildActionMask = 2147483647;
			files = (
			);
			inputPaths = (
				"${PODS_PODFILE_DIR_PATH}/Podfile.lock",
				"${PODS_ROOT}/Manifest.lock",
			);
			name = "[CP] Check Pods Manifest.lock";
			outputPaths = (
				"$(DERIVED_FILE_DIR)/Pods-gitparser-checkManifestLockResult.txt",
			);
			runOnlyForDeploymentPostprocessing = 0;
			shellPath = /bin/sh;
			shellScript = "diff \"${PODS_PODFILE_DIR_PATH}/Podfile.lock\" \"${PODS_ROOT}/Manifest.lock\" > /dev/null\nif [ $? != 0 ] ; then\n    # print error to STDERR\n    echo \"error: The sandbox is not in sync with the Podfile.lock. Run 'pod install' or update your CocoaPods installation.\" >&2\n    exit 1\nfi\n# This output is used by Xcode 'outputs' to avoid re-running this script phase.\necho \"SUCCESS\" > \"${SCRIPT_OUTPUT_FILE_0}\"\n";
			showEnvVarsInLog = 0;
		};
/* End PBXShellScriptBuildPhase section */

/* Begin PBXSourcesBuildPhase section */
		6EC2A6DF1FEFC91B0082E380 /* Sources */ = {
			isa = PBXSourcesBuildPhase;
			buildActionMask = 2147483647;
			files = (
				6EC2A7181FEFD2310082E380 /* UserDetailViewModel.swift in Sources */,
				6EC2A7121FEFD0F20082E380 /* Config+Server.swift in Sources */,
				6EC2A70A1FEFCCD90082E380 /* UserListCell.swift in Sources */,
				6EC2A71A1FEFD23F0082E380 /* UserDetailController.swift in Sources */,
				6EC2A6FE1FEFCA7A0082E380 /* UserListController.swift in Sources */,
				6EC2A70F1FEFD0B20082E380 /* UserService.swift in Sources */,
				6EC2A7211FEFD4B10082E380 /* Reactive+UINavigationController.swift in Sources */,
				6EC2A7001FEFCA9C0082E380 /* UserListViewModel.swift in Sources */,
				6EC2A7141FEFD11B0082E380 /* NetworkProvider.swift in Sources */,
				6EC2A6E71FEFC91B0082E380 /* AppDelegate.swift in Sources */,
				6EC2A7061FEFCC4A0082E380 /* MDUser.swift in Sources */,
			);
			runOnlyForDeploymentPostprocessing = 0;
		};
/* End PBXSourcesBuildPhase section */

/* Begin PBXVariantGroup section */
		6EC2A6EF1FEFC91B0082E380 /* LaunchScreen.storyboard */ = {
			isa = PBXVariantGroup;
			children = (
				6EC2A6F01FEFC91B0082E380 /* Base */,
			);
			name = LaunchScreen.storyboard;
			sourceTree = "<group>";
		};
/* End PBXVariantGroup section */

/* Begin XCBuildConfiguration section */
		6EC2A6F31FEFC91B0082E380 /* Debug */ = {
			isa = XCBuildConfiguration;
			buildSettings = {
				ALWAYS_SEARCH_USER_PATHS = NO;
				CLANG_ANALYZER_NONNULL = YES;
				CLANG_ANALYZER_NUMBER_OBJECT_CONVERSION = YES_AGGRESSIVE;
				CLANG_CXX_LANGUAGE_STANDARD = "gnu++14";
				CLANG_CXX_LIBRARY = "libc++";
				CLANG_ENABLE_MODULES = YES;
				CLANG_ENABLE_OBJC_ARC = YES;
				CLANG_WARN_BLOCK_CAPTURE_AUTORELEASING = YES;
				CLANG_WARN_BOOL_CONVERSION = YES;
				CLANG_WARN_COMMA = YES;
				CLANG_WARN_CONSTANT_CONVERSION = YES;
				CLANG_WARN_DIRECT_OBJC_ISA_USAGE = YES_ERROR;
				CLANG_WARN_DOCUMENTATION_COMMENTS = YES;
				CLANG_WARN_EMPTY_BODY = YES;
				CLANG_WARN_ENUM_CONVERSION = YES;
				CLANG_WARN_INFINITE_RECURSION = YES;
				CLANG_WARN_INT_CONVERSION = YES;
				CLANG_WARN_NON_LITERAL_NULL_CONVERSION = YES;
				CLANG_WARN_OBJC_LITERAL_CONVERSION = YES;
				CLANG_WARN_OBJC_ROOT_CLASS = YES_ERROR;
				CLANG_WARN_RANGE_LOOP_ANALYSIS = YES;
				CLANG_WARN_STRICT_PROTOTYPES = YES;
				CLANG_WARN_SUSPICIOUS_MOVE = YES;
				CLANG_WARN_UNGUARDED_AVAILABILITY = YES_AGGRESSIVE;
				CLANG_WARN_UNREACHABLE_CODE = YES;
				CLANG_WARN__DUPLICATE_METHOD_MATCH = YES;
				CODE_SIGN_IDENTITY = "iPhone Developer";
				COPY_PHASE_STRIP = NO;
				DEBUG_INFORMATION_FORMAT = dwarf;
				ENABLE_STRICT_OBJC_MSGSEND = YES;
				ENABLE_TESTABILITY = YES;
				GCC_C_LANGUAGE_STANDARD = gnu11;
				GCC_DYNAMIC_NO_PIC = NO;
				GCC_NO_COMMON_BLOCKS = YES;
				GCC_OPTIMIZATION_LEVEL = 0;
				GCC_PREPROCESSOR_DEFINITIONS = (
					"DEBUG=1",
					"$(inherited)",
				);
				GCC_WARN_64_TO_32_BIT_CONVERSION = YES;
				GCC_WARN_ABOUT_RETURN_TYPE = YES_ERROR;
				GCC_WARN_UNDECLARED_SELECTOR = YES;
				GCC_WARN_UNINITIALIZED_AUTOS = YES_AGGRESSIVE;
				GCC_WARN_UNUSED_FUNCTION = YES;
				GCC_WARN_UNUSED_VARIABLE = YES;
				IPHONEOS_DEPLOYMENT_TARGET = 11.2;
				MTL_ENABLE_DEBUG_INFO = YES;
				ONLY_ACTIVE_ARCH = YES;
				SDKROOT = iphoneos;
				SWIFT_ACTIVE_COMPILATION_CONDITIONS = DEBUG;
				SWIFT_OPTIMIZATION_LEVEL = "-Onone";
			};
			name = Debug;
		};
		6EC2A6F41FEFC91B0082E380 /* Release */ = {
			isa = XCBuildConfiguration;
			buildSettings = {
				ALWAYS_SEARCH_USER_PATHS = NO;
				CLANG_ANALYZER_NONNULL = YES;
				CLANG_ANALYZER_NUMBER_OBJECT_CONVERSION = YES_AGGRESSIVE;
				CLANG_CXX_LANGUAGE_STANDARD = "gnu++14";
				CLANG_CXX_LIBRARY = "libc++";
				CLANG_ENABLE_MODULES = YES;
				CLANG_ENABLE_OBJC_ARC = YES;
				CLANG_WARN_BLOCK_CAPTURE_AUTORELEASING = YES;
				CLANG_WARN_BOOL_CONVERSION = YES;
				CLANG_WARN_COMMA = YES;
				CLANG_WARN_CONSTANT_CONVERSION = YES;
				CLANG_WARN_DIRECT_OBJC_ISA_USAGE = YES_ERROR;
				CLANG_WARN_DOCUMENTATION_COMMENTS = YES;
				CLANG_WARN_EMPTY_BODY = YES;
				CLANG_WARN_ENUM_CONVERSION = YES;
				CLANG_WARN_INFINITE_RECURSION = YES;
				CLANG_WARN_INT_CONVERSION = YES;
				CLANG_WARN_NON_LITERAL_NULL_CONVERSION = YES;
				CLANG_WARN_OBJC_LITERAL_CONVERSION = YES;
				CLANG_WARN_OBJC_ROOT_CLASS = YES_ERROR;
				CLANG_WARN_RANGE_LOOP_ANALYSIS = YES;
				CLANG_WARN_STRICT_PROTOTYPES = YES;
				CLANG_WARN_SUSPICIOUS_MOVE = YES;
				CLANG_WARN_UNGUARDED_AVAILABILITY = YES_AGGRESSIVE;
				CLANG_WARN_UNREACHABLE_CODE = YES;
				CLANG_WARN__DUPLICATE_METHOD_MATCH = YES;
				CODE_SIGN_IDENTITY = "iPhone Developer";
				COPY_PHASE_STRIP = NO;
				DEBUG_INFORMATION_FORMAT = "dwarf-with-dsym";
				ENABLE_NS_ASSERTIONS = NO;
				ENABLE_STRICT_OBJC_MSGSEND = YES;
				GCC_C_LANGUAGE_STANDARD = gnu11;
				GCC_NO_COMMON_BLOCKS = YES;
				GCC_WARN_64_TO_32_BIT_CONVERSION = YES;
				GCC_WARN_ABOUT_RETURN_TYPE = YES_ERROR;
				GCC_WARN_UNDECLARED_SELECTOR = YES;
				GCC_WARN_UNINITIALIZED_AUTOS = YES_AGGRESSIVE;
				GCC_WARN_UNUSED_FUNCTION = YES;
				GCC_WARN_UNUSED_VARIABLE = YES;
				IPHONEOS_DEPLOYMENT_TARGET = 11.2;
				MTL_ENABLE_DEBUG_INFO = NO;
				SDKROOT = iphoneos;
				SWIFT_OPTIMIZATION_LEVEL = "-Owholemodule";
				VALIDATE_PRODUCT = YES;
			};
			name = Release;
		};
		6EC2A6F61FEFC91B0082E380 /* Debug */ = {
			isa = XCBuildConfiguration;
			baseConfigurationReference = C1048E56E60F8C5C14A8E7BD /* Pods-gitparser.debug.xcconfig */;
			buildSettings = {
				ASSETCATALOG_COMPILER_APPICON_NAME = AppIcon;
				CODE_SIGN_STYLE = Manual;
				DEVELOPMENT_TEAM = "";
				INFOPLIST_FILE = gitparser/Info.plist;
				LD_RUNPATH_SEARCH_PATHS = "$(inherited) @executable_path/Frameworks";
				PRODUCT_BUNDLE_IDENTIFIER = com.example.gitparser;
				PRODUCT_NAME = "$(TARGET_NAME)";
				PROVISIONING_PROFILE_SPECIFIER = "";
				SWIFT_VERSION = 4.0;
				TARGETED_DEVICE_FAMILY = "1,2";
			};
			name = Debug;
		};
		6EC2A6F71FEFC91B0082E380 /* Release */ = {
			isa = XCBuildConfiguration;
			baseConfigurationReference = 301835818E437DD6BFCA70F8 /* Pods-gitparser.release.xcconfig */;
			buildSettings = {
				ASSETCATALOG_COMPILER_APPICON_NAME = AppIcon;
				CODE_SIGN_STYLE = Manual;
				DEVELOPMENT_TEAM = "";
				INFOPLIST_FILE = gitparser/Info.plist;
				LD_RUNPATH_SEARCH_PATHS = "$(inherited) @executable_path/Frameworks";
				PRODUCT_BUNDLE_IDENTIFIER = com.example.gitparser;
				PRODUCT_NAME = "$(TARGET_NAME)";
				PROVISIONING_PROFILE_SPECIFIER = "";
				SWIFT_VERSION = 4.0;
				TARGETED_DEVICE_FAMILY = "1,2";
			};
			name = Release;
		};
/* End XCBuildConfiguration section */

/* Begin XCConfigurationList section */
		6EC2A6DE1FEFC91B0082E380 /* Build configuration list for PBXProject "gitparser" */ = {
			isa = XCConfigurationList;
			buildConfigurations = (
				6EC2A6F31FEFC91B0082E380 /* Debug */,
				6EC2A6F41FEFC91B0082E380 /* Release */,
			);
			defaultConfigurationIsVisible = 0;
			defaultConfigurationName = Release;
		};
		6EC2A6F51FEFC91B0082E380 /* Build configuration list for PBXNativeTarget "gitparser" */ = {
			isa = XCConfigurationList;
			buildConfigurations = (
				6EC2A6F61FEFC91B0082E380 /* Debug */,
				6EC2A6F71FEFC91B0082E380 /* Release */,
			);
			defaultConfigurationIsVisible = 0;
			defaultConfigurationName = Release;
		};
/* End XCConfigurationList section */
	};
	rootObject = 6EC2A6DB1FEFC91B0082E380 /* Project object */;
}
